{
  "name": "koishi-plugin-ink",
  "version": "0.0.1",
  "lockfileVersion": 2,
  "requires": true,
  "packages": {
    "": {
      "version": "0.0.1",
      "license": "MIT",
      "dependencies": {
        "inkjs": "^1.11.0"
      }
    },
    "node_modules/inkjs": {
      "version": "1.11.0",
      "resolved": "https://registry.npmjs.org/inkjs/-/inkjs-1.11.0.tgz",
      "integrity": "sha512-mfXi2118gai0vp7ME8m1l0+rv66KDQlc3jXhfL4vryYVR+BhmxKAvs21N1O4qoUtvZ9fYrGJe5TJ0Smf3giSfQ=="
    }
  },
  "dependencies": {
    "inkjs": {
      "version": "1.11.0",
      "resolved": "https://registry.npmjs.org/inkjs/-/inkjs-1.11.0.tgz",
      "integrity": "sha512-mfXi2118gai0vp7ME8m1l0+rv66KDQlc3jXhfL4vryYVR+BhmxKAvs21N1O4qoUtvZ9fYrGJe5TJ0Smf3giSfQ=="
    }
  }
}
